
Microsoft Visual Studio Solution File, Format Version 12.00
# Visual Studio 15
VisualStudioVersion = 15.0.28010.2016
MinimumVisualStudioVersion = 10.0.40219.1
Project("{FAE04EC0-301F-11D3-BF4B-00C04F79EFBC}") = "ButikProjekt", "ButikProjekt\ButikProjekt.csproj", "{B91C0EE7-2DE1-401D-886D-F4D00002D602}"
EndProject
Global
	GlobalSection(SolutionConfigurationPlatforms) = preSolution
		Debug|Any CPU = Debug|Any CPU
		Release|Any CPU = Release|Any CPU
	EndGlobalSection
	GlobalSection(ProjectConfigurationPlatforms) = postSolution
		{B91C0EE7-2DE1-401D-886D-F4D00002D602}.Debug|Any CPU.ActiveCfg = Debug|Any CPU
		{B91C0EE7-2DE1-401D-886D-F4D00002D602}.Debug|Any CPU.Build.0 = Debug|Any CPU
		{B91C0EE7-2DE1-401D-886D-F4D00002D602}.Release|Any CPU.ActiveCfg = Release|Any CPU
		{B91C0EE7-2DE1-401D-886D-F4D00002D602}.Release|Any CPU.Build.0 = Release|Any CPU
	EndGlobalSection
	GlobalSection(SolutionProperties) = preSolution
		HideSolutionNode = FALSE
	EndGlobalSection
	GlobalSection(ExtensibilityGlobals) = postSolution
		SolutionGuid = {17355047-5E98-4B2E-8A37-D578C5AF8F1D}
	EndGlobalSection
EndGlobal
